
Microsoft Visual Studio Solution File, Format Version 12.00
# Visual Studio Version 16
VisualStudioVersion = 16.0.30717.126
MinimumVisualStudioVersion = 10.0.40219.1
Project("{888888A0-9F3D-457C-B088-3A5042F75D52}") = "PegSolitaireGame", "PegSolitaireGame\PegSolitaireGame.pyproj", "{6DA6EE8D-FDD1-411D-8E33-01B26F8C300C}"
EndProject
Global
	GlobalSection(SolutionConfigurationPlatforms) = preSolution
		Debug|Any CPU = Debug|Any CPU
		Release|Any CPU = Release|Any CPU
	EndGlobalSection
	GlobalSection(ProjectConfigurationPlatforms) = postSolution
		{6DA6EE8D-FDD1-411D-8E33-01B26F8C300C}.Debug|Any CPU.ActiveCfg = Debug|Any CPU
		{6DA6EE8D-FDD1-411D-8E33-01B26F8C300C}.Release|Any CPU.ActiveCfg = Release|Any CPU
	EndGlobalSection
	GlobalSection(SolutionProperties) = preSolution
		HideSolutionNode = FALSE
	EndGlobalSection
	GlobalSection(ExtensibilityGlobals) = postSolution
		SolutionGuid = {3723A7FE-0339-4348-9192-7ECB3F4B653D}
	EndGlobalSection
EndGlobal
